Microsoft Visual Studio Solution File, Format Version 12.00
# Visual Studio 15
VisualStudioVersion = 15.0.28307.168
MinimumVisualStudioVersion = 10.0.40219.1
Project("{9A19103F-16F7-4668-BE54-9A1E7A4F7556}") = "Config", "Config\Config.csproj", "{4EA75574-8497-403B-B19B-687B90EF2FCF}"
EndProject
Project("{9A19103F-16F7-4668-BE54-9A1E7A4F7556}") = "RTSender", "RTSender\RTSender.csproj", "{DFAFED0F-C31A-4194-B0BC-86CCE50499D7}"
EndProject
Project("{9A19103F-16F7-4668-BE54-9A1E7A4F7556}") = "ModbusSender", "ModbusSender\ModbusSender.csproj", "{B64B4289-2825-469E-BAD9-5D8DEE1B2747}"
EndProject
Project("{9A19103F-16F7-4668-BE54-9A1E7A4F7556}") = "CNCState", "CNCState\CNCState.csproj", "{C926E477-0916-4FF0-90CB-95426E2233A7}"
EndProject
Project("{9A19103F-16F7-4668-BE54-9A1E7A4F7556}") = "Actions", "Actions\Actions.csproj", "{3AA370A2-06F8-4704-BCE5-8C2A7A2430AE}"
EndProject
Project("{9A19103F-16F7-4668-BE54-9A1E7A4F7556}") = "Machine", "Machine\Machine.csproj", "{D916AEE5-FE4E-40F3-8715-ECCEEA8BC0CE}"
EndProject
Project("{9A19103F-16F7-4668-BE54-9A1E7A4F7556}") = "ControlConnection", "ControlConnection\ControlConnection.csproj", "{A5BAA0F5-1B82-4446-A09D-0B41DEE0497A}"
EndProject
Project("{9A19103F-16F7-4668-BE54-9A1E7A4F7556}") = "ActionsProgram", "ActionsProgram\ActionsProgram.csproj", "{871EB47C-CD39-41E0-B8A5-372F6D4D03BC}"
EndProject
Project("{9A19103F-16F7-4668-BE54-9A1E7A4F7556}") = "Processor", "Processor\Processor.csproj", "{81C1F125-745D-4AAA-A126-403B16359C8E}"
EndProject
Project("{2150E333-8FDC-42A3-9474-1A3956D46DE8}") = "GCode", "GCode", "{F49406AC-11AC-433B-B002-BB9AD4E1DCE7}"
EndProject
Project("{9A19103F-16F7-4668-BE54-9A1E7A4F7556}") = "GCodeMachine", "GCodeMachine\GCodeMachine.csproj", "{D5BB1359-54C6-498E-BEF4-6039ED669EE0}"
EndProject
Project("{9A19103F-16F7-4668-BE54-9A1E7A4F7556}") = "GCodeServer", "GCodeServer\GCodeServer.csproj", "{8C196422-DB7C-4BEA-92F1-A043FB370F93}"
EndProject
Project("{FAE04EC0-301F-11D3-BF4B-00C04F79EFBC}") = "NoRTServer", "NoRTServer\NoRTServer.csproj", "{32504A71-97E5-4566-B7A5-5E32E4E20A03}"
EndProject
Project("{2150E333-8FDC-42A3-9474-1A3956D46DE8}") = "Tests", "Tests", "{E274D010-89C6-45B9-BB90-2BB028CE3321}"
EndProject
Project("{2150E333-8FDC-42A3-9474-1A3956D46DE8}") = "FunctionalTests", "FunctionalTests", "{7E3BA928-E974-4540-9EC6-6DD98B4B3734}"
EndProject
Project("{FAE04EC0-301F-11D3-BF4B-00C04F79EFBC}") = "GCodeMachine.Tests", "Tests\GcodeMachine.Tests\GCodeMachine.Tests.csproj", "{995CBE6D-1BE1-43AE-AE0B-DDC76C49D351}"
EndProject
Project("{FAE04EC0-301F-11D3-BF4B-00C04F79EFBC}") = "GCodeServer.Tests", "Tests\GcodeServer.Tests\GCodeServer.Tests.csproj", "{A6F532D2-28A0-4434-A014-36B3B56F719D}"
EndProject
Project("{FAE04EC0-301F-11D3-BF4B-00C04F79EFBC}") = "NoRTGCodeServer.Tests", "Tests\NoRTGCodeServer.Tests\NoRTGCodeServer.Tests.csproj", "{D7E774A4-1B7C-4B98-B128-3D8AEB20A76C}"
EndProject
Project("{2150E333-8FDC-42A3-9474-1A3956D46DE8}") = "Sender", "Sender", "{78F1E8BD-1E21-4849-999C-A6F6F4F7779E}"
EndProject
Project("{FAE04EC0-301F-11D3-BF4B-00C04F79EFBC}") = "ActionExecutor", "ActionExecutor\ActionExecutor.csproj", "{159F1D08-ED76-43E9-A73C-463B865B411F}"
EndProject
Project("{FAE04EC0-301F-11D3-BF4B-00C04F79EFBC}") = "ReadStatusMachine", "ReadStatusMachine\ReadStatusMachine.csproj", "{1057322B-8931-40CC-90CD-F346DCDF9764}"
EndProject
Project("{FAE04EC0-301F-11D3-BF4B-00C04F79EFBC}") = "Log", "Log\Log.csproj", "{505E0AB1-E3E1-4FF4-9C71-19E5D862FC13}"
EndProject
Project("{2150E333-8FDC-42A3-9474-1A3956D46DE8}") = "HeightMap", "HeightMap", "{438CC24F-F52B-4677-8BF5-89800815F40B}"
EndProject
Project("{FAE04EC0-301F-11D3-BF4B-00C04F79EFBC}") = "Vector", "Vector\Vector.csproj", "{EDDDCC97-099D-40B6-A133-4B1C0C10B586}"
EndProject
Project("{9344BDBB-3E7F-41FC-A0DD-8665D75EE146}") = "HeightMapMachine", "HeightMapMachine\HeightMapMachine.csproj", "{0DF55FE2-32C1-40E4-83BE-A93FFACBE04B}"
EndProject
Global
	GlobalSection(SolutionConfigurationPlatforms) = preSolution
		Debug|Any CPU = Debug|Any CPU
		Release|Any CPU = Release|Any CPU
	EndGlobalSection
	GlobalSection(ProjectConfigurationPlatforms) = postSolution
		{4EA75574-8497-403B-B19B-687B90EF2FCF}.Debug|Any CPU.ActiveCfg = Debug|Any CPU
		{4EA75574-8497-403B-B19B-687B90EF2FCF}.Debug|Any CPU.Build.0 = Debug|Any CPU
		{4EA75574-8497-403B-B19B-687B90EF2FCF}.Release|Any CPU.ActiveCfg = Release|Any CPU
		{4EA75574-8497-403B-B19B-687B90EF2FCF}.Release|Any CPU.Build.0 = Release|Any CPU
		{DFAFED0F-C31A-4194-B0BC-86CCE50499D7}.Debug|Any CPU.ActiveCfg = Debug|Any CPU
		{DFAFED0F-C31A-4194-B0BC-86CCE50499D7}.Debug|Any CPU.Build.0 = Debug|Any CPU
		{DFAFED0F-C31A-4194-B0BC-86CCE50499D7}.Release|Any CPU.ActiveCfg = Release|Any CPU
		{DFAFED0F-C31A-4194-B0BC-86CCE50499D7}.Release|Any CPU.Build.0 = Release|Any CPU
		{B64B4289-2825-469E-BAD9-5D8DEE1B2747}.Debug|Any CPU.ActiveCfg = Debug|Any CPU
		{B64B4289-2825-469E-BAD9-5D8DEE1B2747}.Debug|Any CPU.Build.0 = Debug|Any CPU
		{B64B4289-2825-469E-BAD9-5D8DEE1B2747}.Release|Any CPU.ActiveCfg = Release|Any CPU
		{B64B4289-2825-469E-BAD9-5D8DEE1B2747}.Release|Any CPU.Build.0 = Release|Any CPU
		{C926E477-0916-4FF0-90CB-95426E2233A7}.Debug|Any CPU.ActiveCfg = Debug|Any CPU
		{C926E477-0916-4FF0-90CB-95426E2233A7}.Debug|Any CPU.Build.0 = Debug|Any CPU
		{C926E477-0916-4FF0-90CB-95426E2233A7}.Release|Any CPU.ActiveCfg = Release|Any CPU
		{C926E477-0916-4FF0-90CB-95426E2233A7}.Release|Any CPU.Build.0 = Release|Any CPU
		{3AA370A2-06F8-4704-BCE5-8C2A7A2430AE}.Debug|Any CPU.ActiveCfg = Debug|Any CPU
		{3AA370A2-06F8-4704-BCE5-8C2A7A2430AE}.Debug|Any CPU.Build.0 = Debug|Any CPU
		{3AA370A2-06F8-4704-BCE5-8C2A7A2430AE}.Release|Any CPU.ActiveCfg = Release|Any CPU
		{3AA370A2-06F8-4704-BCE5-8C2A7A2430AE}.Release|Any CPU.Build.0 = Release|Any CPU
		{D916AEE5-FE4E-40F3-8715-ECCEEA8BC0CE}.Debug|Any CPU.ActiveCfg = Debug|Any CPU
		{D916AEE5-FE4E-40F3-8715-ECCEEA8BC0CE}.Debug|Any CPU.Build.0 = Debug|Any CPU
		{D916AEE5-FE4E-40F3-8715-ECCEEA8BC0CE}.Release|Any CPU.ActiveCfg = Release|Any CPU
		{D916AEE5-FE4E-40F3-8715-ECCEEA8BC0CE}.Release|Any CPU.Build.0 = Release|Any CPU
		{A5BAA0F5-1B82-4446-A09D-0B41DEE0497A}.Debug|Any CPU.ActiveCfg = Debug|Any CPU
		{A5BAA0F5-1B82-4446-A09D-0B41DEE0497A}.Debug|Any CPU.Build.0 = Debug|Any CPU
		{A5BAA0F5-1B82-4446-A09D-0B41DEE0497A}.Release|Any CPU.ActiveCfg = Release|Any CPU
		{A5BAA0F5-1B82-4446-A09D-0B41DEE0497A}.Release|Any CPU.Build.0 = Release|Any CPU
		{871EB47C-CD39-41E0-B8A5-372F6D4D03BC}.Debug|Any CPU.ActiveCfg = Debug|Any CPU
		{871EB47C-CD39-41E0-B8A5-372F6D4D03BC}.Debug|Any CPU.Build.0 = Debug|Any CPU
		{871EB47C-CD39-41E0-B8A5-372F6D4D03BC}.Release|Any CPU.ActiveCfg = Release|Any CPU
		{871EB47C-CD39-41E0-B8A5-372F6D4D03BC}.Release|Any CPU.Build.0 = Release|Any CPU
		{81C1F125-745D-4AAA-A126-403B16359C8E}.Debug|Any CPU.ActiveCfg = Debug|Any CPU
		{81C1F125-745D-4AAA-A126-403B16359C8E}.Debug|Any CPU.Build.0 = Debug|Any CPU
		{81C1F125-745D-4AAA-A126-403B16359C8E}.Release|Any CPU.ActiveCfg = Release|Any CPU
		{81C1F125-745D-4AAA-A126-403B16359C8E}.Release|Any CPU.Build.0 = Release|Any CPU
		{D5BB1359-54C6-498E-BEF4-6039ED669EE0}.Debug|Any CPU.ActiveCfg = Debug|Any CPU
		{D5BB1359-54C6-498E-BEF4-6039ED669EE0}.Debug|Any CPU.Build.0 = Debug|Any CPU
		{D5BB1359-54C6-498E-BEF4-6039ED669EE0}.Release|Any CPU.ActiveCfg = Release|Any CPU
		{D5BB1359-54C6-498E-BEF4-6039ED669EE0}.Release|Any CPU.Build.0 = Release|Any CPU
		{8C196422-DB7C-4BEA-92F1-A043FB370F93}.Debug|Any CPU.ActiveCfg = Debug|Any CPU
		{8C196422-DB7C-4BEA-92F1-A043FB370F93}.Debug|Any CPU.Build.0 = Debug|Any CPU
		{8C196422-DB7C-4BEA-92F1-A043FB370F93}.Release|Any CPU.ActiveCfg = Release|Any CPU
		{8C196422-DB7C-4BEA-92F1-A043FB370F93}.Release|Any CPU.Build.0 = Release|Any CPU
		{32504A71-97E5-4566-B7A5-5E32E4E20A03}.Debug|Any CPU.ActiveCfg = Debug|Any CPU
		{32504A71-97E5-4566-B7A5-5E32E4E20A03}.Debug|Any CPU.Build.0 = Debug|Any CPU
		{32504A71-97E5-4566-B7A5-5E32E4E20A03}.Release|Any CPU.ActiveCfg = Release|Any CPU
		{32504A71-97E5-4566-B7A5-5E32E4E20A03}.Release|Any CPU.Build.0 = Release|Any CPU
		{995CBE6D-1BE1-43AE-AE0B-DDC76C49D351}.Debug|Any CPU.ActiveCfg = Debug|Any CPU
		{995CBE6D-1BE1-43AE-AE0B-DDC76C49D351}.Debug|Any CPU.Build.0 = Debug|Any CPU
		{995CBE6D-1BE1-43AE-AE0B-DDC76C49D351}.Release|Any CPU.ActiveCfg = Release|Any CPU
		{995CBE6D-1BE1-43AE-AE0B-DDC76C49D351}.Release|Any CPU.Build.0 = Release|Any CPU
		{A6F532D2-28A0-4434-A014-36B3B56F719D}.Debug|Any CPU.ActiveCfg = Debug|Any CPU
		{A6F532D2-28A0-4434-A014-36B3B56F719D}.Debug|Any CPU.Build.0 = Debug|Any CPU
		{A6F532D2-28A0-4434-A014-36B3B56F719D}.Release|Any CPU.ActiveCfg = Release|Any CPU
		{A6F532D2-28A0-4434-A014-36B3B56F719D}.Release|Any CPU.Build.0 = Release|Any CPU
		{D7E774A4-1B7C-4B98-B128-3D8AEB20A76C}.Debug|Any CPU.ActiveCfg = Debug|Any CPU
		{D7E774A4-1B7C-4B98-B128-3D8AEB20A76C}.Debug|Any CPU.Build.0 = Debug|Any CPU
		{D7E774A4-1B7C-4B98-B128-3D8AEB20A76C}.Release|Any CPU.ActiveCfg = Release|Any CPU
		{D7E774A4-1B7C-4B98-B128-3D8AEB20A76C}.Release|Any CPU.Build.0 = Release|Any CPU
		{159F1D08-ED76-43E9-A73C-463B865B411F}.Debug|Any CPU.ActiveCfg = Debug|Any CPU
		{159F1D08-ED76-43E9-A73C-463B865B411F}.Debug|Any CPU.Build.0 = Debug|Any CPU
		{159F1D08-ED76-43E9-A73C-463B865B411F}.Release|Any CPU.ActiveCfg = Release|Any CPU
		{159F1D08-ED76-43E9-A73C-463B865B411F}.Release|Any CPU.Build.0 = Release|Any CPU
		{1057322B-8931-40CC-90CD-F346DCDF9764}.Debug|Any CPU.ActiveCfg = Debug|Any CPU
		{1057322B-8931-40CC-90CD-F346DCDF9764}.Debug|Any CPU.Build.0 = Debug|Any CPU
		{1057322B-8931-40CC-90CD-F346DCDF9764}.Release|Any CPU.ActiveCfg = Release|Any CPU
		{1057322B-8931-40CC-90CD-F346DCDF9764}.Release|Any CPU.Build.0 = Release|Any CPU
		{505E0AB1-E3E1-4FF4-9C71-19E5D862FC13}.Debug|Any CPU.ActiveCfg = Debug|Any CPU
		{505E0AB1-E3E1-4FF4-9C71-19E5D862FC13}.Debug|Any CPU.Build.0 = Debug|Any CPU
		{505E0AB1-E3E1-4FF4-9C71-19E5D862FC13}.Release|Any CPU.ActiveCfg = Release|Any CPU
		{505E0AB1-E3E1-4FF4-9C71-19E5D862FC13}.Release|Any CPU.Build.0 = Release|Any CPU
		{EDDDCC97-099D-40B6-A133-4B1C0C10B586}.Debug|Any CPU.ActiveCfg = Debug|Any CPU
		{EDDDCC97-099D-40B6-A133-4B1C0C10B586}.Debug|Any CPU.Build.0 = Debug|Any CPU
		{EDDDCC97-099D-40B6-A133-4B1C0C10B586}.Release|Any CPU.ActiveCfg = Release|Any CPU
		{EDDDCC97-099D-40B6-A133-4B1C0C10B586}.Release|Any CPU.Build.0 = Release|Any CPU
		{0DF55FE2-32C1-40E4-83BE-A93FFACBE04B}.Debug|Any CPU.ActiveCfg = Debug|Any CPU
		{0DF55FE2-32C1-40E4-83BE-A93FFACBE04B}.Debug|Any CPU.Build.0 = Debug|Any CPU
		{0DF55FE2-32C1-40E4-83BE-A93FFACBE04B}.Release|Any CPU.ActiveCfg = Release|Any CPU
		{0DF55FE2-32C1-40E4-83BE-A93FFACBE04B}.Release|Any CPU.Build.0 = Release|Any CPU
	EndGlobalSection
	GlobalSection(SolutionProperties) = preSolution
		HideSolutionNode = FALSE
	EndGlobalSection
	GlobalSection(NestedProjects) = preSolution
		{D5BB1359-54C6-498E-BEF4-6039ED669EE0} = {F49406AC-11AC-433B-B002-BB9AD4E1DCE7}
		{8C196422-DB7C-4BEA-92F1-A043FB370F93} = {F49406AC-11AC-433B-B002-BB9AD4E1DCE7}
		{7E3BA928-E974-4540-9EC6-6DD98B4B3734} = {F49406AC-11AC-433B-B002-BB9AD4E1DCE7}
		{995CBE6D-1BE1-43AE-AE0B-DDC76C49D351} = {7E3BA928-E974-4540-9EC6-6DD98B4B3734}
		{A6F532D2-28A0-4434-A014-36B3B56F719D} = {7E3BA928-E974-4540-9EC6-6DD98B4B3734}
		{D7E774A4-1B7C-4B98-B128-3D8AEB20A76C} = {7E3BA928-E974-4540-9EC6-6DD98B4B3734}
		{DFAFED0F-C31A-4194-B0BC-86CCE50499D7} = {78F1E8BD-1E21-4849-999C-A6F6F4F7779E}
		{B64B4289-2825-469E-BAD9-5D8DEE1B2747} = {78F1E8BD-1E21-4849-999C-A6F6F4F7779E}
		{0DF55FE2-32C1-40E4-83BE-A93FFACBE04B} = {438CC24F-F52B-4677-8BF5-89800815F40B}
	EndGlobalSection
	GlobalSection(ExtensibilityGlobals) = postSolution
		SolutionGuid = {F9C1592B-C8BA-49E8-8FD4-5D17D08346A9}
	EndGlobalSection
EndGlobal
